# This file is autogenerated, do not edit; changes may be undone by the next 'dep ensure'.


[[projects]]
  digest = "1:c79fb010be38a59d657c48c6ba1d003a8aa651fa56b579d959d74573b7dff8e1"
  name = "github.com/gorilla/context"
  packages = ["."]
  pruneopts = "UT"
  revision = "08b5f424b9271eedf6f9f0ce86cb9396ed337a42"
  version = "v1.1.1"

[[projects]]
  digest = "1:664d37ea261f0fc73dd17f4a1f5f46d01fbb0b0d75f6375af064824424109b7d"
  name = "github.com/gorilla/handlers"
  packages = ["."]
  pruneopts = "UT"
  revision = "7e0847f9db758cdebd26c149d0ae9d5d0b9c98ce"
  version = "v1.4.0"

[[projects]]
  digest = "1:e73f5b0152105f18bc131fba127d9949305c8693f8a762588a82a48f61756f5f"
  name = "github.com/gorilla/mux"
  packages = ["."]
  pruneopts = "UT"
  revision = "e3702bed27f0d39777b0b37b664b6280e8ef8fbf"
  version = "v1.6.2"

[[projects]]
  digest = "1:8ec8d88c248041a6df5f6574b87bc00e7e0b493881dad2e7ef47b11dc69093b5"
  name = "github.com/hashicorp/golang-lru"
  packages = [
    ".",
    "simplelru",
  ]
  pruneopts = "UT"
  revision = "20f1fb78b0740ba8c3cb143a61e86ba5c8669768"
  version = "v0.5.0"

[[projects]]
  branch = "master"
  digest = "1:3604ca5bd41f9f1b673bbe1a99ae425bd6035d27fef0fcce2810052da419164f"
  name = "github.com/jforman/carbon-golang"
  packages = ["."]
  pruneopts = "UT"
  revision = "68d8280c1fc07cde82afd05b580960bb7ff86c0b"

[[projects]]
  branch = "master"
  digest = "1:438016f7d4af8e5a7010b6d0705b267a7607ddc0decad051e83a9458c6b9a523"
  name = "github.com/jmoiron/jsonq"
  packages = ["."]
  pruneopts = "UT"
  revision = "e874b168d07ecc7808bc950a17998a8aa3141d82"

[[projects]]
  branch = "master"
  digest = "1:e74fa8e635591eb1ad79e8e711bff8bea4e12e9737563daf12af325c6ea206e4"
  name = "github.com/justinas/alice"
  packages = ["."]
  pruneopts = "UT"
  revision = "03f45bd4b7dad4734bc4620e46a35789349abb20"

[[projects]]
  digest = "1:b38090856fe4f710d745477c205cf34f0d0d45e46e99f85e5be63420eddd6811"
  name = "gopkg.in/throttled/throttled.v2"
  packages = [
    ".",
    "store/memstore",
  ]
  pruneopts = "UT"
  revision = "b5675e93f9d999b22f92d859a5bf2138d3641af4"
  version = "v2.0.3"

[solve-meta]
  analyzer-name = "dep"
  analyzer-version = 1
  input-imports = [
    "github.com/gorilla/context",
    "github.com/gorilla/handlers",
    "github.com/gorilla/mux",
    "github.com/jforman/carbon-golang",
    "github.com/jmoiron/jsonq",
    "github.com/justinas/alice",
    "gopkg.in/throttled/throttled.v2",
    "gopkg.in/throttled/throttled.v2/store/memstore",
  ]
  solver-name = "gps-cdcl"
  solver-version = 1
